// !$*UTF8*$!
{
	archiveVersion = 1;
	classes = {
	};
	objectVersion = 56;
	objects = {

/* Begin PBXBuildFile section */
		67425E4D2B3DDE0100AE9F9C /* MyFriendsFocusApp.swift in Sources */ = {isa = PBXBuildFile; fileRef = 67425E4C2B3DDE0100AE9F9C /* MyFriendsFocusApp.swift */; };
		67425E4F2B3DDE0100AE9F9C /* ContentView.swift in Sources */ = {isa = PBXBuildFile; fileRef = 67425E4E2B3DDE0100AE9F9C /* ContentView.swift */; };
		67425E512B3DDE0400AE9F9C /* Assets.xcassets in Resources */ = {isa = PBXBuildFile; fileRef = 67425E502B3DDE0400AE9F9C /* Assets.xcassets */; };
		67425E542B3DDE0400AE9F9C /* Preview Assets.xcassets in Resources */ = {isa = PBXBuildFile; fileRef = 67425E532B3DDE0400AE9F9C /* Preview Assets.xcassets */; };
		67425E5E2B3DDE0400AE9F9C /* MyFriendsFocusTests.swift in Sources */ = {isa = PBXBuildFile; fileRef = 67425E5D2B3DDE0400AE9F9C /* MyFriendsFocusTests.swift */; };
		67425E682B3DDE0500AE9F9C /* MyFriendsFocusUITests.swift in Sources */ = {isa = PBXBuildFile; fileRef = 67425E672B3DDE0500AE9F9C /* MyFriendsFocusUITests.swift */; };
		67425E6A2B3DDE0500AE9F9C /* MyFriendsFocusUITestsLaunchTests.swift in Sources */ = {isa = PBXBuildFile; fileRef = 67425E692B3DDE0500AE9F9C /* MyFriendsFocusUITestsLaunchTests.swift */; };
/* End PBXBuildFile section */

/* Begin PBXContainerItemProxy section */
		67425E5A2B3DDE0400AE9F9C /* PBXContainerItemProxy */ = {
			isa = PBXContainerItemProxy;
			containerPortal = 67425E412B3DDE0100AE9F9C /* Project object */;
			proxyType = 1;
			remoteGlobalIDString = 67425E482B3DDE0100AE9F9C;
			remoteInfo = MyFriendsFocus;
		};
		67425E642B3DDE0400AE9F9C /* PBXContainerItemProxy */ = {
			isa = PBXContainerItemProxy;
			containerPortal = 67425E412B3DDE0100AE9F9C /* Project object */;
			proxyType = 1;
			remoteGlobalIDString = 67425E482B3DDE0100AE9F9C;
			remoteInfo = MyFriendsFocus;
		};
/* End PBXContainerItemProxy section */

/* Begin PBXFileReference section */
		67425E492B3DDE0100AE9F9C /* MyFriendsFocus.app */ = {isa = PBXFileReference; explicitFileType = wrapper.application; includeInIndex = 0; path = MyFriendsFocus.app; sourceTree = BUILT_PRODUCTS_DIR; };
		67425E4C2B3DDE0100AE9F9C /* MyFriendsFocusApp.swift */ = {isa = PBXFileReference; lastKnownFileType = sourcecode.swift; path = MyFriendsFocusApp.swift; sourceTree = "<group>"; };
		67425E4E2B3DDE0100AE9F9C /* ContentView.swift */ = {isa = PBXFileReference; lastKnownFileType = sourcecode.swift; path = ContentView.swift; sourceTree = "<group>"; };
		67425E502B3DDE0400AE9F9C /* Assets.xcassets */ = {isa = PBXFileReference; lastKnownFileType = folder.assetcatalog; path = Assets.xcassets; sourceTree = "<group>"; };
		67425E532B3DDE0400AE9F9C /* Preview Assets.xcassets */ = {isa = PBXFileReference; lastKnownFileType = folder.assetcatalog; path = "Preview Assets.xcassets"; sourceTree = "<group>"; };
		67425E592B3DDE0400AE9F9C /* MyFriendsFocusTests.xctest */ = {isa = PBXFileReference; explicitFileType = wrapper.cfbundle; includeInIndex = 0; path = MyFriendsFocusTests.xctest; sourceTree = BUILT_PRODUCTS_DIR; };
		67425E5D2B3DDE0400AE9F9C /* MyFriendsFocusTests.swift */ = {isa = PBXFileReference; lastKnownFileType = sourcecode.swift; path = MyFriendsFocusTests.swift; sourceTree = "<group>"; };
		67425E632B3DDE0400AE9F9C /* MyFriendsFocusUITests.xctest */ = {isa = PBXFileReference; explicitFileType = wrapper.cfbundle; includeInIndex = 0; path = MyFriendsFocusUITests.xctest; sourceTree = BUILT_PRODUCTS_DIR; };
		67425E672B3DDE0500AE9F9C /* MyFriendsFocusUITests.swift */ = {isa = PBXFileReference; lastKnownFileType = sourcecode.swift; path = MyFriendsFocusUITests.swift; sourceTree = "<group>"; };
		67425E692B3DDE0500AE9F9C /* MyFriendsFocusUITestsLaunchTests.swift */ = {isa = PBXFileReference; lastKnownFileType = sourcecode.swift; path = MyFriendsFocusUITestsLaunchTests.swift; sourceTree = "<group>"; };
/* End PBXFileReference section */

/* Begin PBXFrameworksBuildPhase section */
		67425E462B3DDE0100AE9F9C /* Frameworks */ = {
			isa = PBXFrameworksBuildPhase;
			buildActionMask = 2147483647;
			files = (
			);
			runOnlyForDeploymentPostprocessing = 0;
		};
		67425E562B3DDE0400AE9F9C /* Frameworks */ = {
			isa = PBXFrameworksBuildPhase;
			buildActionMask = 2147483647;
			files = (
			);
			runOnlyForDeploymentPostprocessing = 0;
		};
		67425E602B3DDE0400AE9F9C /* Frameworks */ = {
			isa = PBXFrameworksBuildPhase;
			buildActionMask = 2147483647;
			files = (
			);
			runOnlyForDeploymentPostprocessing = 0;
		};
/* End PBXFrameworksBuildPhase section */

/* Begin PBXGroup section */
		67425E402B3DDE0100AE9F9C = {
			isa = PBXGroup;
			children = (
				67425E4B2B3DDE0100AE9F9C /* MyFriendsFocus */,
				67425E5C2B3DDE0400AE9F9C /* MyFriendsFocusTests */,
				67425E662B3DDE0400AE9F9C /* MyFriendsFocusUITests */,
				67425E4A2B3DDE0100AE9F9C /* Products */,
			);
			sourceTree = "<group>";
		};
		67425E4A2B3DDE0100AE9F9C /* Products */ = {
			isa = PBXGroup;
			children = (
				67425E492B3DDE0100AE9F9C /* MyFriendsFocus.app */,
				67425E592B3DDE0400AE9F9C /* MyFriendsFocusTests.xctest */,
				67425E632B3DDE0400AE9F9C /* MyFriendsFocusUITests.xctest */,
			);
			name = Products;
			sourceTree = "<group>";
		};
		67425E4B2B3DDE0100AE9F9C /* MyFriendsFocus */ = {
			isa = PBXGroup;
			children = (
				67425E4C2B3DDE0100AE9F9C /* MyFriendsFocusApp.swift */,
				67425E4E2B3DDE0100AE9F9C /* ContentView.swift */,
				67425E502B3DDE0400AE9F9C /* Assets.xcassets */,
				67425E522B3DDE0400AE9F9C /* Preview Content */,
			);
			path = MyFriendsFocus;
			sourceTree = "<group>";
		};
		67425E522B3DDE0400AE9F9C /* Preview Content */ = {
			isa = PBXGroup;
			children = (
				67425E532B3DDE0400AE9F9C /* Preview Assets.xcassets */,
			);
			path = "Preview Content";
			sourceTree = "<group>";
		};
		67425E5C2B3DDE0400AE9F9C /* MyFriendsFocusTests */ = {
			isa = PBXGroup;
			children = (
				67425E5D2B3DDE0400AE9F9C /* MyFriendsFocusTests.swift */,
			);
			path = MyFriendsFocusTests;
			sourceTree = "<group>";
		};
		67425E662B3DDE0400AE9F9C /* MyFriendsFocusUITests */ = {
			isa = PBXGroup;
			children = (
				67425E672B3DDE0500AE9F9C /* MyFriendsFocusUITests.swift */,
				67425E692B3DDE0500AE9F9C /* MyFriendsFocusUITestsLaunchTests.swift */,
			);
			path = MyFriendsFocusUITests;
			sourceTree = "<group>";
		};
/* End PBXGroup section */

/* Begin PBXNativeTarget section */
		67425E482B3DDE0100AE9F9C /* MyFriendsFocus */ = {
			isa = PBXNativeTarget;
			buildConfigurationList = 67425E6D2B3DDE0500AE9F9C /* Build configuration list for PBXNativeTarget "MyFriendsFocus" */;
			buildPhases = (
				67425E452B3DDE0100AE9F9C /* Sources */,
				67425E462B3DDE0100AE9F9C /* Frameworks */,
				67425E472B3DDE0100AE9F9C /* Resources */,
			);
			buildRules = (
			);
			dependencies = (
			);
			name = MyFriendsFocus;
			productName = MyFriendsFocus;
			productReference = 67425E492B3DDE0100AE9F9C /* MyFriendsFocus.app */;
			productType = "com.apple.product-type.application";
		};
		67425E582B3DDE0400AE9F9C /* MyFriendsFocusTests */ = {
			isa = PBXNativeTarget;
			buildConfigurationList = 67425E702B3DDE0500AE9F9C /* Build configuration list for PBXNativeTarget "MyFriendsFocusTests" */;
			buildPhases = (
				67425E552B3DDE0400AE9F9C /* Sources */,
				67425E562B3DDE0400AE9F9C /* Frameworks */,
				67425E572B3DDE0400AE9F9C /* Resources */,
			);
			buildRules = (
			);
			dependencies = (
				67425E5B2B3DDE0400AE9F9C /* PBXTargetDependency */,
			);
			name = MyFriendsFocusTests;
			productName = MyFriendsFocusTests;
			productReference = 67425E592B3DDE0400AE9F9C /* MyFriendsFocusTests.xctest */;
			productType = "com.apple.product-type.bundle.unit-test";
		};
		67425E622B3DDE0400AE9F9C /* MyFriendsFocusUITests */ = {
			isa = PBXNativeTarget;
			buildConfigurationList = 67425E732B3DDE0500AE9F9C /* Build configuration list for PBXNativeTarget "MyFriendsFocusUITests" */;
			buildPhases = (
				67425E5F2B3DDE0400AE9F9C /* Sources */,
				67425E602B3DDE0400AE9F9C /* Frameworks */,
				67425E612B3DDE0400AE9F9C /* Resources */,
			);
			buildRules = (
			);
			dependencies = (
				67425E652B3DDE0400AE9F9C /* PBXTargetDependency */,
			);
			name = MyFriendsFocusUITests;
			productName = MyFriendsFocusUITests;
			productReference = 67425E632B3DDE0400AE9F9C /* MyFriendsFocusUITests.xctest */;
			productType = "com.apple.product-type.bundle.ui-testing";
		};
/* End PBXNativeTarget section */

/* Begin PBXProject section */
		67425E412B3DDE0100AE9F9C /* Project object */ = {
			isa = PBXProject;
			attributes = {
				BuildIndependentTargetsInParallel = 1;
				LastSwiftUpdateCheck = 1510;
				LastUpgradeCheck = 1510;
				TargetAttributes = {
					67425E482B3DDE0100AE9F9C = {
						CreatedOnToolsVersion = 15.1;
					};
					67425E582B3DDE0400AE9F9C = {
						CreatedOnToolsVersion = 15.1;
						TestTargetID = 67425E482B3DDE0100AE9F9C;
					};
					67425E622B3DDE0400AE9F9C = {
						CreatedOnToolsVersion = 15.1;
						TestTargetID = 67425E482B3DDE0100AE9F9C;
					};
				};
			};
			buildConfigurationList = 67425E442B3DDE0100AE9F9C /* Build configuration list for PBXProject "MyFriendsFocus" */;
			compatibilityVersion = "Xcode 14.0";
			developmentRegion = en;
			hasScannedForEncodings = 0;
			knownRegions = (
				en,
				Base,
			);
			mainGroup = 67425E402B3DDE0100AE9F9C;
			productRefGroup = 67425E4A2B3DDE0100AE9F9C /* Products */;
			projectDirPath = "";
			projectRoot = "";
			targets = (
				67425E482B3DDE0100AE9F9C /* MyFriendsFocus */,
				67425E582B3DDE0400AE9F9C /* MyFriendsFocusTests */,
				67425E622B3DDE0400AE9F9C /* MyFriendsFocusUITests */,
			);
		};
/* End PBXProject section */

/* Begin PBXResourcesBuildPhase section */
		67425E472B3DDE0100AE9F9C /* Resources */ = {
			isa = PBXResourcesBuildPhase;
			buildActionMask = 2147483647;
			files = (
				67425E542B3DDE0400AE9F9C /* Preview Assets.xcassets in Resources */,
				67425E512B3DDE0400AE9F9C /* Assets.xcassets in Resources */,
			);
			runOnlyForDeploymentPostprocessing = 0;
		};
		67425E572B3DDE0400AE9F9C /* Resources */ = {
			isa = PBXResourcesBuildPhase;
			buildActionMask = 2147483647;
			files = (
			);
			runOnlyForDeploymentPostprocessing = 0;
		};
		67425E612B3DDE0400AE9F9C /* Resources */ = {
			isa = PBXResourcesBuildPhase;
			buildActionMask = 2147483647;
			files = (
			);
			runOnlyForDeploymentPostprocessing = 0;
		};
/* End PBXResourcesBuildPhase section */

/* Begin PBXSourcesBuildPhase section */
		67425E452B3DDE0100AE9F9C /* Sources */ = {
			isa = PBXSourcesBuildPhase;
			buildActionMask = 2147483647;
			files = (
				67425E4F2B3DDE0100AE9F9C /* ContentView.swift in Sources */,
				67425E4D2B3DDE0100AE9F9C /* MyFriendsFocusApp.swift in Sources */,
			);
			runOnlyForDeploymentPostprocessing = 0;
		};
		67425E552B3DDE0400AE9F9C /* Sources */ = {
			isa = PBXSourcesBuildPhase;
			buildActionMask = 2147483647;
			files = (
				67425E5E2B3DDE0400AE9F9C /* MyFriendsFocusTests.swift in Sources */,
			);
			runOnlyForDeploymentPostprocessing = 0;
		};
		67425E5F2B3DDE0400AE9F9C /* Sources */ = {
			isa = PBXSourcesBuildPhase;
			buildActionMask = 2147483647;
			files = (
				67425E682B3DDE0500AE9F9C /* MyFriendsFocusUITests.swift in Sources */,
				67425E6A2B3DDE0500AE9F9C /* MyFriendsFocusUITestsLaunchTests.swift in Sources */,
			);
			runOnlyForDeploymentPostprocessing = 0;
		};
/* End PBXSourcesBuildPhase section */

/* Begin PBXTargetDependency section */
		67425E5B2B3DDE0400AE9F9C /* PBXTargetDependency */ = {
			isa = PBXTargetDependency;
			target = 67425E482B3DDE0100AE9F9C /* MyFriendsFocus */;
			targetProxy = 67425E5A2B3DDE0400AE9F9C /* PBXContainerItemProxy */;
		};
		67425E652B3DDE0400AE9F9C /* PBXTargetDependency */ = {
			isa = PBXTargetDependency;
			target = 67425E482B3DDE0100AE9F9C /* MyFriendsFocus */;
			targetProxy = 67425E642B3DDE0400AE9F9C /* PBXContainerItemProxy */;
		};
/* End PBXTargetDependency section */

/* Begin XCBuildConfiguration section */
		67425E6B2B3DDE0500AE9F9C /* Debug */ = {
			isa = XCBuildConfiguration;
			buildSettings = {
				ALWAYS_SEARCH_USER_PATHS = NO;
				ASSETCATALOG_COMPILER_GENERATE_SWIFT_ASSET_SYMBOL_EXTENSIONS = YES;
				CLANG_ANALYZER_NONNULL = YES;
				CLANG_ANALYZER_NUMBER_OBJECT_CONVERSION = YES_AGGRESSIVE;
				CLANG_CXX_LANGUAGE_STANDARD = "gnu++20";
				CLANG_ENABLE_MODULES = YES;
				CLANG_ENABLE_OBJC_ARC = YES;
				CLANG_ENABLE_OBJC_WEAK = YES;
				CLANG_WARN_BLOCK_CAPTURE_AUTORELEASING = YES;
				CLANG_WARN_BOOL_CONVERSION = YES;
				CLANG_WARN_COMMA = YES;
				CLANG_WARN_CONSTANT_CONVERSION = YES;
				CLANG_WARN_DEPRECATED_OBJC_IMPLEMENTATIONS = YES;
				CLANG_WARN_DIRECT_OBJC_ISA_USAGE = YES_ERROR;
				CLANG_WARN_DOCUMENTATION_COMMENTS = YES;
				CLANG_WARN_EMPTY_BODY = YES;
				CLANG_WARN_ENUM_CONVERSION = YES;
				CLANG_WARN_INFINITE_RECURSION = YES;
				CLANG_WARN_INT_CONVERSION = YES;
				CLANG_WARN_NON_LITERAL_NULL_CONVERSION = YES;
				CLANG_WARN_OBJC_IMPLICIT_RETAIN_SELF = YES;
				CLANG_WARN_OBJC_LITERAL_CONVERSION = YES;
				CLANG_WARN_OBJC_ROOT_CLASS = YES_ERROR;
				CLANG_WARN_QUOTED_INCLUDE_IN_FRAMEWORK_HEADER = YES;
				CLANG_WARN_RANGE_LOOP_ANALYSIS = YES;
				CLANG_WARN_STRICT_PROTOTYPES = YES;
				CLANG_WARN_SUSPICIOUS_MOVE = YES;
				CLANG_WARN_UNGUARDED_AVAILABILITY = YES_AGGRESSIVE;
				CLANG_WARN_UNREACHABLE_CODE = YES;
				CLANG_WARN__DUPLICATE_METHOD_MATCH = YES;
				COPY_PHASE_STRIP = NO;
				DEBUG_INFORMATION_FORMAT = dwarf;
				ENABLE_STRICT_OBJC_MSGSEND = YES;
				ENABLE_TESTABILITY = YES;
				ENABLE_USER_SCRIPT_SANDBOXING = YES;
				GCC_C_LANGUAGE_STANDARD = gnu17;
				GCC_DYNAMIC_NO_PIC = NO;
				GCC_NO_COMMON_BLOCKS = YES;
				GCC_OPTIMIZATION_LEVEL = 0;
				GCC_PREPROCESSOR_DEFINITIONS = (
					"DEBUG=1",
					"$(inherited)",
				);
				GCC_WARN_64_TO_32_BIT_CONVERSION = YES;
				GCC_WARN_ABOUT_RETURN_TYPE = YES_ERROR;
				GCC_WARN_UNDECLARED_SELECTOR = YES;
				GCC_WARN_UNINITIALIZED_AUTOS = YES_AGGRESSIVE;
				GCC_WARN_UNUSED_FUNCTION = YES;
				GCC_WARN_UNUSED_VARIABLE = YES;
				IPHONEOS_DEPLOYMENT_TARGET = 17.2;
				LOCALIZATION_PREFERS_STRING_CATALOGS = YES;
				MTL_ENABLE_DEBUG_INFO = INCLUDE_SOURCE;
				MTL_FAST_MATH = YES;
				ONLY_ACTIVE_ARCH = YES;
				SDKROOT = iphoneos;
				SWIFT_ACTIVE_COMPILATION_CONDITIONS = "DEBUG $(inherited)";
				SWIFT_OPTIMIZATION_LEVEL = "-Onone";
			};
			name = Debug;
		};
		67425E6C2B3DDE0500AE9F9C /* Release */ = {
			isa = XCBuildConfiguration;
			buildSettings = {
				ALWAYS_SEARCH_USER_PATHS = NO;
				ASSETCATALOG_COMPILER_GENERATE_SWIFT_ASSET_SYMBOL_EXTENSIONS = YES;
				CLANG_ANALYZER_NONNULL = YES;
				CLANG_ANALYZER_NUMBER_OBJECT_CONVERSION = YES_AGGRESSIVE;
				CLANG_CXX_LANGUAGE_STANDARD = "gnu++20";
				CLANG_ENABLE_MODULES = YES;
				CLANG_ENABLE_OBJC_ARC = YES;
				CLANG_ENABLE_OBJC_WEAK = YES;
				CLANG_WARN_BLOCK_CAPTURE_AUTORELEASING = YES;
				CLANG_WARN_BOOL_CONVERSION = YES;
				CLANG_WARN_COMMA = YES;
				CLANG_WARN_CONSTANT_CONVERSION = YES;
				CLANG_WARN_DEPRECATED_OBJC_IMPLEMENTATIONS = YES;
				CLANG_WARN_DIRECT_OBJC_ISA_USAGE = YES_ERROR;
				CLANG_WARN_DOCUMENTATION_COMMENTS = YES;
				CLANG_WARN_EMPTY_BODY = YES;
				CLANG_WARN_ENUM_CONVERSION = YES;
				CLANG_WARN_INFINITE_RECURSION = YES;
				CLANG_WARN_INT_CONVERSION = YES;
				CLANG_WARN_NON_LITERAL_NULL_CONVERSION = YES;
				CLANG_WARN_OBJC_IMPLICIT_RETAIN_SELF = YES;
				CLANG_WARN_OBJC_LITERAL_CONVERSION = YES;
				CLANG_WARN_OBJC_ROOT_CLASS = YES_ERROR;
				CLANG_WARN_QUOTED_INCLUDE_IN_FRAMEWORK_HEADER = YES;
				CLANG_WARN_RANGE_LOOP_ANALYSIS = YES;
				CLANG_WARN_STRICT_PROTOTYPES = YES;
				CLANG_WARN_SUSPICIOUS_MOVE = YES;
				CLANG_WARN_UNGUARDED_AVAILABILITY = YES_AGGRESSIVE;
				CLANG_WARN_UNREACHABLE_CODE = YES;
				CLANG_WARN__DUPLICATE_METHOD_MATCH = YES;
				COPY_PHASE_STRIP = NO;
				DEBUG_INFORMATION_FORMAT = "dwarf-with-dsym";
				ENABLE_NS_ASSERTIONS = NO;
				ENABLE_STRICT_OBJC_MSGSEND = YES;
				ENABLE_USER_SCRIPT_SANDBOXING = YES;
				GCC_C_LANGUAGE_STANDARD = gnu17;
				GCC_NO_COMMON_BLOCKS = YES;
				GCC_WARN_64_TO_32_BIT_CONVERSION = YES;
				GCC_WARN_ABOUT_RETURN_TYPE = YES_ERROR;
				GCC_WARN_UNDECLARED_SELECTOR = YES;
				GCC_WARN_UNINITIALIZED_AUTOS = YES_AGGRESSIVE;
				GCC_WARN_UNUSED_FUNCTION = YES;
				GCC_WARN_UNUSED_VARIABLE = YES;
				IPHONEOS_DEPLOYMENT_TARGET = 17.2;
				LOCALIZATION_PREFERS_STRING_CATALOGS = YES;
				MTL_ENABLE_DEBUG_INFO = NO;
				MTL_FAST_MATH = YES;
				SDKROOT = iphoneos;
				SWIFT_COMPILATION_MODE = wholemodule;
				VALIDATE_PRODUCT = YES;
			};
			name = Release;
		};
		67425E6E2B3DDE0500AE9F9C /* Debug */ = {
			isa = XCBuildConfiguration;
			buildSettings = {
				ASSETCATALOG_COMPILER_APPICON_NAME = AppIcon;
				ASSETCATALOG_COMPILER_GLOBAL_ACCENT_COLOR_NAME = AccentColor;
				CODE_SIGN_STYLE = Automatic;
				CURRENT_PROJECT_VERSION = 1;
				DEVELOPMENT_ASSET_PATHS = "\"MyFriendsFocus/Preview Content\"";
				ENABLE_PREVIEWS = YES;
				GENERATE_INFOPLIST_FILE = YES;
				INFOPLIST_KEY_UIApplicationSceneManifest_Generation = YES;
				INFOPLIST_KEY_UIApplicationSupportsIndirectInputEvents = YES;
				INFOPLIST_KEY_UILaunchScreen_Generation = YES;
				INFOPLIST_KEY_UISupportedInterfaceOrientations_iPad = "UIInterfaceOrientationPortrait UIInterfaceOrientationPortraitUpsideDown UIInterfaceOrientationLandscapeLeft UIInterfaceOrientationLandscapeRight";
				INFOPLIST_KEY_UISupportedInterfaceOrientations_iPhone = "UIInterfaceOrientationPortrait UIInterfaceOrientationLandscapeLeft UIInterfaceOrientationLandscapeRight";
				LD_RUNPATH_SEARCH_PATHS = (
					"$(inherited)",
					"@executable_path/Frameworks",
				);
				MARKETING_VERSION = 1.0;
				PRODUCT_BUNDLE_IDENTIFIER = gzykin.MyFriendsFocus;
				PRODUCT_NAME = "$(TARGET_NAME)";
				SWIFT_EMIT_LOC_STRINGS = YES;
				SWIFT_VERSION = 5.0;
				TARGETED_DEVICE_FAMILY = "1,2";
			};
			name = Debug;
		};
		67425E6F2B3DDE0500AE9F9C /* Release */ = {
			isa = XCBuildConfiguration;
			buildSettings = {
				ASSETCATALOG_COMPILER_APPICON_NAME = AppIcon;
				ASSETCATALOG_COMPILER_GLOBAL_ACCENT_COLOR_NAME = AccentColor;
				CODE_SIGN_STYLE = Automatic;
				CURRENT_PROJECT_VERSION = 1;
				DEVELOPMENT_ASSET_PATHS = "\"MyFriendsFocus/Preview Content\"";
				ENABLE_PREVIEWS = YES;
				GENERATE_INFOPLIST_FILE = YES;
				INFOPLIST_KEY_UIApplicationSceneManifest_Generation = YES;
				INFOPLIST_KEY_UIApplicationSupportsIndirectInputEvents = YES;
				INFOPLIST_KEY_UILaunchScreen_Generation = YES;
				INFOPLIST_KEY_UISupportedInterfaceOrientations_iPad = "UIInterfaceOrientationPortrait UIInterfaceOrientationPortraitUpsideDown UIInterfaceOrientationLandscapeLeft UIInterfaceOrientationLandscapeRight";
				INFOPLIST_KEY_UISupportedInterfaceOrientations_iPhone = "UIInterfaceOrientationPortrait UIInterfaceOrientationLandscapeLeft UIInterfaceOrientationLandscapeRight";
				LD_RUNPATH_SEARCH_PATHS = (
					"$(inherited)",
					"@executable_path/Frameworks",
				);
				MARKETING_VERSION = 1.0;
				PRODUCT_BUNDLE_IDENTIFIER = gzykin.MyFriendsFocus;
				PRODUCT_NAME = "$(TARGET_NAME)";
				SWIFT_EMIT_LOC_STRINGS = YES;
				SWIFT_VERSION = 5.0;
				TARGETED_DEVICE_FAMILY = "1,2";
			};
			name = Release;
		};
		67425E712B3DDE0500AE9F9C /* Debug */ = {
			isa = XCBuildConfiguration;
			buildSettings = {
				ALWAYS_EMBED_SWIFT_STANDARD_LIBRARIES = YES;
				BUNDLE_LOADER = "$(TEST_HOST)";
				CODE_SIGN_STYLE = Automatic;
				CURRENT_PROJECT_VERSION = 1;
				GENERATE_INFOPLIST_FILE = YES;
				IPHONEOS_DEPLOYMENT_TARGET = 17.2;
				MARKETING_VERSION = 1.0;
				PRODUCT_BUNDLE_IDENTIFIER = gzykin.MyFriendsFocusTests;
				PRODUCT_NAME = "$(TARGET_NAME)";
				SWIFT_EMIT_LOC_STRINGS = NO;
				SWIFT_VERSION = 5.0;
				TARGETED_DEVICE_FAMILY = "1,2";
				TEST_HOST = "$(BUILT_PRODUCTS_DIR)/MyFriendsFocus.app/$(BUNDLE_EXECUTABLE_FOLDER_PATH)/MyFriendsFocus";
			};
			name = Debug;
		};
		67425E722B3DDE0500AE9F9C /* Release */ = {
			isa = XCBuildConfiguration;
			buildSettings = {
				ALWAYS_EMBED_SWIFT_STANDARD_LIBRARIES = YES;
				BUNDLE_LOADER = "$(TEST_HOST)";
				CODE_SIGN_STYLE = Automatic;
				CURRENT_PROJECT_VERSION = 1;
				GENERATE_INFOPLIST_FILE = YES;
				IPHONEOS_DEPLOYMENT_TARGET = 17.2;
				MARKETING_VERSION = 1.0;
				PRODUCT_BUNDLE_IDENTIFIER = gzykin.MyFriendsFocusTests;
				PRODUCT_NAME = "$(TARGET_NAME)";
				SWIFT_EMIT_LOC_STRINGS = NO;
				SWIFT_VERSION = 5.0;
				TARGETED_DEVICE_FAMILY = "1,2";
				TEST_HOST = "$(BUILT_PRODUCTS_DIR)/MyFriendsFocus.app/$(BUNDLE_EXECUTABLE_FOLDER_PATH)/MyFriendsFocus";
			};
			name = Release;
		};
		67425E742B3DDE0500AE9F9C /* Debug */ = {
			isa = XCBuildConfiguration;
			buildSettings = {
				ALWAYS_EMBED_SWIFT_STANDARD_LIBRARIES = YES;
				CODE_SIGN_STYLE = Automatic;
				CURRENT_PROJECT_VERSION = 1;
				GENERATE_INFOPLIST_FILE = YES;
				MARKETING_VERSION = 1.0;
				PRODUCT_BUNDLE_IDENTIFIER = gzykin.MyFriendsFocusUITests;
				PRODUCT_NAME = "$(TARGET_NAME)";
				SWIFT_EMIT_LOC_STRINGS = NO;
				SWIFT_VERSION = 5.0;
				TARGETED_DEVICE_FAMILY = "1,2";
				TEST_TARGET_NAME = MyFriendsFocus;
			};
			name = Debug;
		};
		67425E752B3DDE0500AE9F9C /* Release */ = {
			isa = XCBuildConfiguration;
			buildSettings = {
				ALWAYS_EMBED_SWIFT_STANDARD_LIBRARIES = YES;
				CODE_SIGN_STYLE = Automatic;
				CURRENT_PROJECT_VERSION = 1;
				GENERATE_INFOPLIST_FILE = YES;
				MARKETING_VERSION = 1.0;
				PRODUCT_BUNDLE_IDENTIFIER = gzykin.MyFriendsFocusUITests;
				PRODUCT_NAME = "$(TARGET_NAME)";
				SWIFT_EMIT_LOC_STRINGS = NO;
				SWIFT_VERSION = 5.0;
				TARGETED_DEVICE_FAMILY = "1,2";
				TEST_TARGET_NAME = MyFriendsFocus;
			};
			name = Release;
		};
/* End XCBuildConfiguration section */

/* Begin XCConfigurationList section */
		67425E442B3DDE0100AE9F9C /* Build configuration list for PBXProject "MyFriendsFocus" */ = {
			isa = XCConfigurationList;
			buildConfigurations = (
				67425E6B2B3DDE0500AE9F9C /* Debug */,
				67425E6C2B3DDE0500AE9F9C /* Release */,
			);
			defaultConfigurationIsVisible = 0;
			defaultConfigurationName = Release;
		};
		67425E6D2B3DDE0500AE9F9C /* Build configuration list for PBXNativeTarget "MyFriendsFocus" */ = {
			isa = XCConfigurationList;
			buildConfigurations = (
				67425E6E2B3DDE0500AE9F9C /* Debug */,
				67425E6F2B3DDE0500AE9F9C /* Release */,
			);
			defaultConfigurationIsVisible = 0;
			defaultConfigurationName = Release;
		};
		67425E702B3DDE0500AE9F9C /* Build configuration list for PBXNativeTarget "MyFriendsFocusTests" */ = {
			isa = XCConfigurationList;
			buildConfigurations = (
				67425E712B3DDE0500AE9F9C /* Debug */,
				67425E722B3DDE0500AE9F9C /* Release */,
			);
			defaultConfigurationIsVisible = 0;
			defaultConfigurationName = Release;
		};
		67425E732B3DDE0500AE9F9C /* Build configuration list for PBXNativeTarget "MyFriendsFocusUITests" */ = {
			isa = XCConfigurationList;
			buildConfigurations = (
				67425E742B3DDE0500AE9F9C /* Debug */,
				67425E752B3DDE0500AE9F9C /* Release */,
			);
			defaultConfigurationIsVisible = 0;
			defaultConfigurationName = Release;
		};
/* End XCConfigurationList section */
	};
	rootObject = 67425E412B3DDE0100AE9F9C /* Project object */;
}
